# THIS IS AN AUTOGENERATED FILE. DO NOT EDIT THIS FILE DIRECTLY.
# yarn lockfile v1


"node-addon-api@^5.0.0":
  "integrity" "sha512-CvkDw2OEnme7ybCykJpVcKH+uAOLV2qLqiyla128dN9TkEWfrYmxG6C2boDe5KcNQqZF3orkqzGgOMvZ/JNekA=="
  "resolved" "https://registry.npmmirror.com/node-addon-api/-/node-addon-api-5.0.0.tgz"
  "version" "5.0.0"
